{
  "nodes": {
    "flakey-devShells": {
      "inputs": {
        "nixpkgs": [
          "nixpkgs"
        ]
      },
      "locked": {
        "lastModified": 1700234571,
        "narHash": "sha256-0R2yQx0vYPcX3Fw+cu10HpisO6OTEWOVieWmQSyEH1w=",
        "rev": "29b0bf9e54ef5f4f28df134aaca7ec479bdc61e9",
        "revCount": 79,
        "type": "tarball",
        "url": "https://api.flakehub.com/f/pinned/GetPsyched/not-so-flakey-devshells/0.2.4/018bdde1-911f-7ba4-a870-d28ea357a4ee/source.tar.gz"
      },
      "original": {
        "type": "tarball",
        "url": "https://flakehub.com/f/GetPsyched/not-so-flakey-devshells/0.x.x.tar.gz"
      }
    },
    "nixpkgs": {
      "locked": {
        "lastModified": 1694422566,
        "narHash": "sha256-lHJ+A9esOz9vln/3CJG23FV6Wd2OoOFbDeEs4cMGMqc=",
        "path": "/nix/store/zb2695k9v4hmjdki97p0yhd4mys270fs-source",
        "rev": "3a2786eea085f040a66ecde1bc3ddc7099f6dbeb",
        "type": "path"
      },
      "original": {
        "id": "nixpkgs",
        "type": "indirect"
      }
    },
    "root": {
      "inputs": {
        "flakey-devShells": "flakey-devShells",
        "nixpkgs": "nixpkgs"
      }
    }
  },
  "root": "root",
  "version": 7
}
