{
  "nodes": {
    "nix-env": {
      "inputs": {
        "nixpkgs": [
          "nixpkgs"
        ]
      },
      "locked": {
        "dir": "nix",
        "lastModified": 1697705467,
        "narHash": "sha256-SQ1xpSju8q+pzNb7ak1pwilPqeA6lsM/XAPC0wPiQOo=",
        "owner": "GetPsyched",
        "repo": "nix-starter-flakes",
        "rev": "a8be9bafe3a00cf5e215ee3994af0be116fa4f50",
        "type": "github"
      },
      "original": {
        "dir": "nix",
        "owner": "GetPsyched",
        "repo": "nix-starter-flakes",
        "type": "github"
      }
    },
    "nixpkgs": {
      "locked": {
        "lastModified": 1694422566,
        "narHash": "sha256-lHJ+A9esOz9vln/3CJG23FV6Wd2OoOFbDeEs4cMGMqc=",
        "path": "/nix/store/zb2695k9v4hmjdki97p0yhd4mys270fs-source",
        "rev": "3a2786eea085f040a66ecde1bc3ddc7099f6dbeb",
        "type": "path"
      },
      "original": {
        "id": "nixpkgs",
        "type": "indirect"
      }
    },
    "root": {
      "inputs": {
        "nix-env": "nix-env",
        "nixpkgs": "nixpkgs"
      }
    }
  },
  "root": "root",
  "version": 7
}
