{
  "nodes": {
    "flake-utils": {
      "inputs": {
        "systems": "systems"
      },
      "locked": {
        "lastModified": 1692792214,
        "narHash": "sha256-voZDQOvqHsaReipVd3zTKSBwN7LZcUwi3/ThMxRZToU=",
        "owner": "numtide",
        "repo": "flake-utils",
        "rev": "1721b3e7c882f75f2301b00d48a2884af8c448ae",
        "type": "github"
      },
      "original": {
        "owner": "numtide",
        "repo": "flake-utils",
        "type": "github"
      }
    },
    "nixpkgs": {
      "locked": {
        "lastModified": 1692356644,
        "narHash": "sha256-AYkPFT+CbCVSBmh0WwIzPpwhEJ4Yy3A7JZvUkGJIg5o=",
        "path": "/nix/store/5mj1vfslaf052b8s9nnbz31fb2l1qwdi-source",
        "rev": "8ecc900b2f695d74dea35a92f8a9f9b32c8ea33d",
        "type": "path"
      },
      "original": {
        "id": "nixpkgs",
        "type": "indirect"
      }
    },
    "root": {
      "inputs": {
        "flake-utils": "flake-utils",
        "nixpkgs": "nixpkgs"
      }
    },
    "systems": {
      "locked": {
        "lastModified": 1681028828,
        "narHash": "sha256-Vy1rq5AaRuLzOxct8nz4T6wlgyUR7zLU309k9mBC768=",
        "owner": "nix-systems",
        "repo": "default",
        "rev": "da67096a3b9bf56a91d16901293e51ba5b49a27e",
        "type": "github"
      },
      "original": {
        "owner": "nix-systems",
        "repo": "default",
        "type": "github"
      }
    }
  },
  "root": "root",
  "version": 7
}
