{
  "nodes": {
    "flakey-devShells": {
      "inputs": {
        "nixpkgs": [
          "nixpkgs"
        ]
      },
      "locked": {
        "lastModified": 1700234571,
        "narHash": "sha256-0R2yQx0vYPcX3Fw+cu10HpisO6OTEWOVieWmQSyEH1w=",
        "rev": "29b0bf9e54ef5f4f28df134aaca7ec479bdc61e9",
        "revCount": 79,
        "type": "tarball",
        "url": "https://api.flakehub.com/f/pinned/GetPsyched/not-so-flakey-devshells/0.2.4/018bdde1-911f-7ba4-a870-d28ea357a4ee/source.tar.gz"
      },
      "original": {
        "type": "tarball",
        "url": "https://flakehub.com/f/GetPsyched/not-so-flakey-devshells/0.x.x.tar.gz"
      }
    },
    "nixpkgs": {
      "locked": {
        "lastModified": 1698924604,
        "narHash": "sha256-GCFbkl2tj8fEZBZCw3Tc0AkGo0v+YrQlohhEGJ/X4s0=",
        "path": "/nix/store/a56i1y5js340dn1w9r767a8jp34k31n4-source",
        "rev": "fa804edfb7869c9fb230e174182a8a1a7e512c40",
        "type": "path"
      },
      "original": {
        "id": "nixpkgs",
        "type": "indirect"
      }
    },
    "root": {
      "inputs": {
        "flakey-devShells": "flakey-devShells",
        "nixpkgs": "nixpkgs"
      }
    }
  },
  "root": "root",
  "version": 7
}
